// !$*UTF8*$!
{
	archiveVersion = 1;
	classes = {
	};
	objectVersion = 51;
	objects = {

/* Begin PBXBuildFile section */
		7801FDBD25F2A1E10046E2E4 /* OrderTableCustomCell.swift in Sources */ = {isa = PBXBuildFile; fileRef = 7801FDBC25F2A1E10046E2E4 /* OrderTableCustomCell.swift */; };
		7801FDC225F2A2050046E2E4 /* ProfileViewController.swift in Sources */ = {isa = PBXBuildFile; fileRef = 7801FDC125F2A2050046E2E4 /* ProfileViewController.swift */; };
		7801FDC725F2A2220046E2E4 /* StoreTabBarController.swift in Sources */ = {isa = PBXBuildFile; fileRef = 7801FDC625F2A2220046E2E4 /* StoreTabBarController.swift */; };
		7801FDCC25F2A3BE0046E2E4 /* OrderModel.swift in Sources */ = {isa = PBXBuildFile; fileRef = 7801FDCB25F2A3BE0046E2E4 /* OrderModel.swift */; };
		7801FDD125F2A3D00046E2E4 /* UserModel.swift in Sources */ = {isa = PBXBuildFile; fileRef = 7801FDD025F2A3D00046E2E4 /* UserModel.swift */; };
		7801FDD625F2A3E50046E2E4 /* OrderData.swift in Sources */ = {isa = PBXBuildFile; fileRef = 7801FDD525F2A3E50046E2E4 /* OrderData.swift */; };
		7801FDDC25F2A3FF0046E2E4 /* UserData.swift in Sources */ = {isa = PBXBuildFile; fileRef = 7801FDDB25F2A3FF0046E2E4 /* UserData.swift */; };
		781917E825F201190091D632 /* ReistrationController.swift in Sources */ = {isa = PBXBuildFile; fileRef = 781917E725F201190091D632 /* ReistrationController.swift */; };
		781917ED25F2016D0091D632 /* LoginController.swift in Sources */ = {isa = PBXBuildFile; fileRef = 781917EC25F2016D0091D632 /* LoginController.swift */; };
		781917F225F201A80091D632 /* StorePageController.swift in Sources */ = {isa = PBXBuildFile; fileRef = 781917F125F201A80091D632 /* StorePageController.swift */; };
		781917F725F241120091D632 /* FoodViewController.swift in Sources */ = {isa = PBXBuildFile; fileRef = 781917F625F241120091D632 /* FoodViewController.swift */; };
		7819182025F2801D0091D632 /* ForgetPassword.swift in Sources */ = {isa = PBXBuildFile; fileRef = 7819181F25F2801D0091D632 /* ForgetPassword.swift */; };
		781B6D6525EFEC0500C5D25B /* AppDelegate.swift in Sources */ = {isa = PBXBuildFile; fileRef = 781B6D6425EFEC0500C5D25B /* AppDelegate.swift */; };
		781B6D6725EFEC0500C5D25B /* SceneDelegate.swift in Sources */ = {isa = PBXBuildFile; fileRef = 781B6D6625EFEC0500C5D25B /* SceneDelegate.swift */; };
		781B6D6925EFEC0500C5D25B /* ViewController.swift in Sources */ = {isa = PBXBuildFile; fileRef = 781B6D6825EFEC0500C5D25B /* ViewController.swift */; };
		781B6D6C25EFEC0500C5D25B /* Main.storyboard in Resources */ = {isa = PBXBuildFile; fileRef = 781B6D6A25EFEC0500C5D25B /* Main.storyboard */; };
		781B6D6E25EFEC0600C5D25B /* Assets.xcassets in Resources */ = {isa = PBXBuildFile; fileRef = 781B6D6D25EFEC0600C5D25B /* Assets.xcassets */; };
		781B6D7125EFEC0600C5D25B /* LaunchScreen.storyboard in Resources */ = {isa = PBXBuildFile; fileRef = 781B6D6F25EFEC0600C5D25B /* LaunchScreen.storyboard */; };
		781B6D7C25EFEC0600C5D25B /* food_order_applicationTests.swift in Sources */ = {isa = PBXBuildFile; fileRef = 781B6D7B25EFEC0600C5D25B /* food_order_applicationTests.swift */; };
		781B6D8725EFEC0600C5D25B /* food_order_applicationUITests.swift in Sources */ = {isa = PBXBuildFile; fileRef = 781B6D8625EFEC0600C5D25B /* food_order_applicationUITests.swift */; };
		782C657D263B365C00E76839 /* ItemModel.swift in Sources */ = {isa = PBXBuildFile; fileRef = 782C657C263B365C00E76839 /* ItemModel.swift */; };
		782C65C5263B485400E76839 /* FirebaseServices.swift in Sources */ = {isa = PBXBuildFile; fileRef = 782C65C4263B485400E76839 /* FirebaseServices.swift */; };
		782C65CA263B48A600E76839 /* FirebaseServiceOrder.swift in Sources */ = {isa = PBXBuildFile; fileRef = 782C65C9263B48A600E76839 /* FirebaseServiceOrder.swift */; };
		782C661B263B590500E76839 /* NotificationService.swift in Sources */ = {isa = PBXBuildFile; fileRef = 782C661A263B590500E76839 /* NotificationService.swift */; };
		782C6620263B592A00E76839 /* LocationService.swift in Sources */ = {isa = PBXBuildFile; fileRef = 782C661F263B592A00E76839 /* LocationService.swift */; };
		782C6625263B599D00E76839 /* LoacationModel.swift in Sources */ = {isa = PBXBuildFile; fileRef = 782C6624263B599D00E76839 /* LoacationModel.swift */; };
		786F15D12636F4280048E3DB /* GoogleService-Info.plist in Resources */ = {isa = PBXBuildFile; fileRef = 786F15D02636F4280048E3DB /* GoogleService-Info.plist */; };
		786F15E626370F410048E3DB /* StoreSegmentController.swift in Sources */ = {isa = PBXBuildFile; fileRef = 786F15E526370F410048E3DB /* StoreSegmentController.swift */; };
		78F847DF25F15E760099669D /* FoodDataList.swift in Sources */ = {isa = PBXBuildFile; fileRef = 78F847DE25F15E760099669D /* FoodDataList.swift */; };
		78F847E725F15EC00099669D /* FoodItemModel.swift in Sources */ = {isa = PBXBuildFile; fileRef = 78F847E625F15EC00099669D /* FoodItemModel.swift */; };
		78F847EC25F15F800099669D /* CardDataList.swift in Sources */ = {isa = PBXBuildFile; fileRef = 78F847EB25F15F800099669D /* CardDataList.swift */; };
		78F847F925F15FB90099669D /* CardModel.swift in Sources */ = {isa = PBXBuildFile; fileRef = 78F847F825F15FB90099669D /* CardModel.swift */; };
		833EF2C4BD6C72F8010EC1B2 /* Pods_food_order_applicationTests.framework in Frameworks */ = {isa = PBXBuildFile; fileRef = 325B1BA48071AF59E81CD66D /* Pods_food_order_applicationTests.framework */; };
		BFC3782E29102177CFB81A15 /* Pods_food_order_application_food_order_applicationUITests.framework in Frameworks */ = {isa = PBXBuildFile; fileRef = 6651B1D5D0D4546AABAC8D6F /* Pods_food_order_application_food_order_applicationUITests.framework */; };
		C9426B84736FB276D3FCF2EF /* Pods_food_order_application.framework in Frameworks */ = {isa = PBXBuildFile; fileRef = FDE01BE7D69BC9C60B6D3E4B /* Pods_food_order_application.framework */; };
/* End PBXBuildFile section */

/* Begin PBXContainerItemProxy section */
		781B6D7825EFEC0600C5D25B /* PBXContainerItemProxy */ = {
			isa = PBXContainerItemProxy;
			containerPortal = 781B6D5925EFEC0500C5D25B /* Project object */;
			proxyType = 1;
			remoteGlobalIDString = 781B6D6025EFEC0500C5D25B;
			remoteInfo = "food-order-application";
		};
		781B6D8325EFEC0600C5D25B /* PBXContainerItemProxy */ = {
			isa = PBXContainerItemProxy;
			containerPortal = 781B6D5925EFEC0500C5D25B /* Project object */;
			proxyType = 1;
			remoteGlobalIDString = 781B6D6025EFEC0500C5D25B;
			remoteInfo = "food-order-application";
		};
/* End PBXContainerItemProxy section */

/* Begin PBXFileReference section */
		0A0BE45A83997ED271BB66EF /* Pods-food-order-applicationTests.release.xcconfig */ = {isa = PBXFileReference; includeInIndex = 1; lastKnownFileType = text.xcconfig; name = "Pods-food-order-applicationTests.release.xcconfig"; path = "Target Support Files/Pods-food-order-applicationTests/Pods-food-order-applicationTests.release.xcconfig"; sourceTree = "<group>"; };
		1DA9B61AA730CA92E5BF1C38 /* Pods-food-order-application-food-order-applicationUITests.release.xcconfig */ = {isa = PBXFileReference; includeInIndex = 1; lastKnownFileType = text.xcconfig; name = "Pods-food-order-application-food-order-applicationUITests.release.xcconfig"; path = "Target Support Files/Pods-food-order-application-food-order-applicationUITests/Pods-food-order-application-food-order-applicationUITests.release.xcconfig"; sourceTree = "<group>"; };
		325B1BA48071AF59E81CD66D /* Pods_food_order_applicationTests.framework */ = {isa = PBXFileReference; explicitFileType = wrapper.framework; includeInIndex = 0; path = Pods_food_order_applicationTests.framework; sourceTree = BUILT_PRODUCTS_DIR; };
		6651B1D5D0D4546AABAC8D6F /* Pods_food_order_application_food_order_applicationUITests.framework */ = {isa = PBXFileReference; explicitFileType = wrapper.framework; includeInIndex = 0; path = Pods_food_order_application_food_order_applicationUITests.framework; sourceTree = BUILT_PRODUCTS_DIR; };
		6B726C53ED8BEFAA986D3354 /* Pods-food-order-applicationTests.debug.xcconfig */ = {isa = PBXFileReference; includeInIndex = 1; lastKnownFileType = text.xcconfig; name = "Pods-food-order-applicationTests.debug.xcconfig"; path = "Target Support Files/Pods-food-order-applicationTests/Pods-food-order-applicationTests.debug.xcconfig"; sourceTree = "<group>"; };
		7801FDBC25F2A1E10046E2E4 /* OrderTableCustomCell.swift */ = {isa = PBXFileReference; lastKnownFileType = sourcecode.swift; path = OrderTableCustomCell.swift; sourceTree = "<group>"; };
		7801FDC125F2A2050046E2E4 /* ProfileViewController.swift */ = {isa = PBXFileReference; lastKnownFileType = sourcecode.swift; path = ProfileViewController.swift; sourceTree = "<group>"; };
		7801FDC625F2A2220046E2E4 /* StoreTabBarController.swift */ = {isa = PBXFileReference; lastKnownFileType = sourcecode.swift; path = StoreTabBarController.swift; sourceTree = "<group>"; };
		7801FDCB25F2A3BE0046E2E4 /* OrderModel.swift */ = {isa = PBXFileReference; lastKnownFileType = sourcecode.swift; path = OrderModel.swift; sourceTree = "<group>"; };
		7801FDD025F2A3D00046E2E4 /* UserModel.swift */ = {isa = PBXFileReference; lastKnownFileType = sourcecode.swift; path = UserModel.swift; sourceTree = "<group>"; };
		7801FDD525F2A3E50046E2E4 /* OrderData.swift */ = {isa = PBXFileReference; lastKnownFileType = sourcecode.swift; path = OrderData.swift; sourceTree = "<group>"; };
		7801FDDB25F2A3FF0046E2E4 /* UserData.swift */ = {isa = PBXFileReference; lastKnownFileType = sourcecode.swift; path = UserData.swift; sourceTree = "<group>"; };
		781917E725F201190091D632 /* ReistrationController.swift */ = {isa = PBXFileReference; lastKnownFileType = sourcecode.swift; path = ReistrationController.swift; sourceTree = "<group>"; };
		781917EC25F2016D0091D632 /* LoginController.swift */ = {isa = PBXFileReference; lastKnownFileType = sourcecode.swift; path = LoginController.swift; sourceTree = "<group>"; };
		781917F125F201A80091D632 /* StorePageController.swift */ = {isa = PBXFileReference; lastKnownFileType = sourcecode.swift; path = StorePageController.swift; sourceTree = "<group>"; };
		781917F625F241120091D632 /* FoodViewController.swift */ = {isa = PBXFileReference; lastKnownFileType = sourcecode.swift; path = FoodViewController.swift; sourceTree = "<group>"; };
		7819181F25F2801D0091D632 /* ForgetPassword.swift */ = {isa = PBXFileReference; lastKnownFileType = sourcecode.swift; path = ForgetPassword.swift; sourceTree = "<group>"; };
		781B6D6125EFEC0500C5D25B /* food-order-application.app */ = {isa = PBXFileReference; explicitFileType = wrapper.application; includeInIndex = 0; path = "food-order-application.app"; sourceTree = BUILT_PRODUCTS_DIR; };
		781B6D6425EFEC0500C5D25B /* AppDelegate.swift */ = {isa = PBXFileReference; lastKnownFileType = sourcecode.swift; path = AppDelegate.swift; sourceTree = "<group>"; };
		781B6D6625EFEC0500C5D25B /* SceneDelegate.swift */ = {isa = PBXFileReference; lastKnownFileType = sourcecode.swift; path = SceneDelegate.swift; sourceTree = "<group>"; };
		781B6D6825EFEC0500C5D25B /* ViewController.swift */ = {isa = PBXFileReference; lastKnownFileType = sourcecode.swift; path = ViewController.swift; sourceTree = "<group>"; };
		781B6D6B25EFEC0500C5D25B /* Base */ = {isa = PBXFileReference; lastKnownFileType = file.storyboard; name = Base; path = Base.lproj/Main.storyboard; sourceTree = "<group>"; };
		781B6D6D25EFEC0600C5D25B /* Assets.xcassets */ = {isa = PBXFileReference; lastKnownFileType = folder.assetcatalog; path = Assets.xcassets; sourceTree = "<group>"; };
		781B6D7025EFEC0600C5D25B /* Base */ = {isa = PBXFileReference; lastKnownFileType = file.storyboard; name = Base; path = Base.lproj/LaunchScreen.storyboard; sourceTree = "<group>"; };
		781B6D7225EFEC0600C5D25B /* Info.plist */ = {isa = PBXFileReference; lastKnownFileType = text.plist.xml; path = Info.plist; sourceTree = "<group>"; };
		781B6D7725EFEC0600C5D25B /* food-order-applicationTests.xctest */ = {isa = PBXFileReference; explicitFileType = wrapper.cfbundle; includeInIndex = 0; path = "food-order-applicationTests.xctest"; sourceTree = BUILT_PRODUCTS_DIR; };
		781B6D7B25EFEC0600C5D25B /* food_order_applicationTests.swift */ = {isa = PBXFileReference; lastKnownFileType = sourcecode.swift; path = food_order_applicationTests.swift; sourceTree = "<group>"; };
		781B6D7D25EFEC0600C5D25B /* Info.plist */ = {isa = PBXFileReference; lastKnownFileType = text.plist.xml; path = Info.plist; sourceTree = "<group>"; };
		781B6D8225EFEC0600C5D25B /* food-order-applicationUITests.xctest */ = {isa = PBXFileReference; explicitFileType = wrapper.cfbundle; includeInIndex = 0; path = "food-order-applicationUITests.xctest"; sourceTree = BUILT_PRODUCTS_DIR; };
		781B6D8625EFEC0600C5D25B /* food_order_applicationUITests.swift */ = {isa = PBXFileReference; lastKnownFileType = sourcecode.swift; path = food_order_applicationUITests.swift; sourceTree = "<group>"; };
		781B6D8825EFEC0600C5D25B /* Info.plist */ = {isa = PBXFileReference; lastKnownFileType = text.plist.xml; path = Info.plist; sourceTree = "<group>"; };
		782C657C263B365C00E76839 /* ItemModel.swift */ = {isa = PBXFileReference; lastKnownFileType = sourcecode.swift; path = ItemModel.swift; sourceTree = "<group>"; };
		782C65C4263B485400E76839 /* FirebaseServices.swift */ = {isa = PBXFileReference; lastKnownFileType = sourcecode.swift; path = FirebaseServices.swift; sourceTree = "<group>"; };
		782C65C9263B48A600E76839 /* FirebaseServiceOrder.swift */ = {isa = PBXFileReference; lastKnownFileType = sourcecode.swift; path = FirebaseServiceOrder.swift; sourceTree = "<group>"; };
		782C661A263B590500E76839 /* NotificationService.swift */ = {isa = PBXFileReference; lastKnownFileType = sourcecode.swift; path = NotificationService.swift; sourceTree = "<group>"; };
		782C661F263B592A00E76839 /* LocationService.swift */ = {isa = PBXFileReference; lastKnownFileType = sourcecode.swift; path = LocationService.swift; sourceTree = "<group>"; };
		782C6624263B599D00E76839 /* LoacationModel.swift */ = {isa = PBXFileReference; lastKnownFileType = sourcecode.swift; path = LoacationModel.swift; sourceTree = "<group>"; };
		786F15D02636F4280048E3DB /* GoogleService-Info.plist */ = {isa = PBXFileReference; fileEncoding = 4; lastKnownFileType = text.plist.xml; path = "GoogleService-Info.plist"; sourceTree = "<group>"; };
		786F15E526370F410048E3DB /* StoreSegmentController.swift */ = {isa = PBXFileReference; lastKnownFileType = sourcecode.swift; path = StoreSegmentController.swift; sourceTree = "<group>"; };
		78F847DE25F15E760099669D /* FoodDataList.swift */ = {isa = PBXFileReference; lastKnownFileType = sourcecode.swift; path = FoodDataList.swift; sourceTree = "<group>"; };
		78F847E625F15EC00099669D /* FoodItemModel.swift */ = {isa = PBXFileReference; lastKnownFileType = sourcecode.swift; path = FoodItemModel.swift; sourceTree = "<group>"; };
		78F847EB25F15F800099669D /* CardDataList.swift */ = {isa = PBXFileReference; lastKnownFileType = sourcecode.swift; path = CardDataList.swift; sourceTree = "<group>"; };
		78F847F825F15FB90099669D /* CardModel.swift */ = {isa = PBXFileReference; lastKnownFileType = sourcecode.swift; path = CardModel.swift; sourceTree = "<group>"; };
		C6F7CB26D63495AC6F340738 /* Pods-food-order-application.release.xcconfig */ = {isa = PBXFileReference; includeInIndex = 1; lastKnownFileType = text.xcconfig; name = "Pods-food-order-application.release.xcconfig"; path = "Target Support Files/Pods-food-order-application/Pods-food-order-application.release.xcconfig"; sourceTree = "<group>"; };
		C8691005F2D727107BE66509 /* Pods-food-order-application.debug.xcconfig */ = {isa = PBXFileReference; includeInIndex = 1; lastKnownFileType = text.xcconfig; name = "Pods-food-order-application.debug.xcconfig"; path = "Target Support Files/Pods-food-order-application/Pods-food-order-application.debug.xcconfig"; sourceTree = "<group>"; };
		E5181E63DA0C2A86242AD1EA /* Pods-food-order-application-food-order-applicationUITests.debug.xcconfig */ = {isa = PBXFileReference; includeInIndex = 1; lastKnownFileType = text.xcconfig; name = "Pods-food-order-application-food-order-applicationUITests.debug.xcconfig"; path = "Target Support Files/Pods-food-order-application-food-order-applicationUITests/Pods-food-order-application-food-order-applicationUITests.debug.xcconfig"; sourceTree = "<group>"; };
		FDE01BE7D69BC9C60B6D3E4B /* Pods_food_order_application.framework */ = {isa = PBXFileReference; explicitFileType = wrapper.framework; includeInIndex = 0; path = Pods_food_order_application.framework; sourceTree = BUILT_PRODUCTS_DIR; };
/* End PBXFileReference section */

/* Begin PBXFrameworksBuildPhase section */
		781B6D5E25EFEC0500C5D25B /* Frameworks */ = {
			isa = PBXFrameworksBuildPhase;
			buildActionMask = 2147483647;
			files = (
				C9426B84736FB276D3FCF2EF /* Pods_food_order_application.framework in Frameworks */,
			);
			runOnlyForDeploymentPostprocessing = 0;
		};
		781B6D7425EFEC0600C5D25B /* Frameworks */ = {
			isa = PBXFrameworksBuildPhase;
			buildActionMask = 2147483647;
			files = (
				833EF2C4BD6C72F8010EC1B2 /* Pods_food_order_applicationTests.framework in Frameworks */,
			);
			runOnlyForDeploymentPostprocessing = 0;
		};
		781B6D7F25EFEC0600C5D25B /* Frameworks */ = {
			isa = PBXFrameworksBuildPhase;
			buildActionMask = 2147483647;
			files = (
				BFC3782E29102177CFB81A15 /* Pods_food_order_application_food_order_applicationUITests.framework in Frameworks */,
			);
			runOnlyForDeploymentPostprocessing = 0;
		};
/* End PBXFrameworksBuildPhase section */

/* Begin PBXGroup section */
		15D4DB478A7DB653BCAFE84C /* Pods */ = {
			isa = PBXGroup;
			children = (
				C8691005F2D727107BE66509 /* Pods-food-order-application.debug.xcconfig */,
				C6F7CB26D63495AC6F340738 /* Pods-food-order-application.release.xcconfig */,
				E5181E63DA0C2A86242AD1EA /* Pods-food-order-application-food-order-applicationUITests.debug.xcconfig */,
				1DA9B61AA730CA92E5BF1C38 /* Pods-food-order-application-food-order-applicationUITests.release.xcconfig */,
				6B726C53ED8BEFAA986D3354 /* Pods-food-order-applicationTests.debug.xcconfig */,
				0A0BE45A83997ED271BB66EF /* Pods-food-order-applicationTests.release.xcconfig */,
			);
			path = Pods;
			sourceTree = "<group>";
		};
		3B781437040087DADE70CDDB /* Frameworks */ = {
			isa = PBXGroup;
			children = (
				FDE01BE7D69BC9C60B6D3E4B /* Pods_food_order_application.framework */,
				6651B1D5D0D4546AABAC8D6F /* Pods_food_order_application_food_order_applicationUITests.framework */,
				325B1BA48071AF59E81CD66D /* Pods_food_order_applicationTests.framework */,
			);
			name = Frameworks;
			sourceTree = "<group>";
		};
		781B6D5825EFEC0500C5D25B = {
			isa = PBXGroup;
			children = (
				786F15D02636F4280048E3DB /* GoogleService-Info.plist */,
				781B6D6325EFEC0500C5D25B /* food-order-application */,
				781B6D7A25EFEC0600C5D25B /* food-order-applicationTests */,
				781B6D8525EFEC0600C5D25B /* food-order-applicationUITests */,
				781B6D6225EFEC0500C5D25B /* Products */,
				15D4DB478A7DB653BCAFE84C /* Pods */,
				3B781437040087DADE70CDDB /* Frameworks */,
			);
			sourceTree = "<group>";
		};
		781B6D6225EFEC0500C5D25B /* Products */ = {
			isa = PBXGroup;
			children = (
				781B6D6125EFEC0500C5D25B /* food-order-application.app */,
				781B6D7725EFEC0600C5D25B /* food-order-applicationTests.xctest */,
				781B6D8225EFEC0600C5D25B /* food-order-applicationUITests.xctest */,
			);
			name = Products;
			sourceTree = "<group>";
		};
		781B6D6325EFEC0500C5D25B /* food-order-application */ = {
			isa = PBXGroup;
			children = (
				78F847DD25F15E4B0099669D /* Data */,
				78F847DC25F15E3F0099669D /* Model */,
				78F847DB25F15E350099669D /* Service */,
				78F847DA25F15E260099669D /* Controller */,
				781B6D6425EFEC0500C5D25B /* AppDelegate.swift */,
				781B6D6625EFEC0500C5D25B /* SceneDelegate.swift */,
				781B6D6825EFEC0500C5D25B /* ViewController.swift */,
				781B6D6A25EFEC0500C5D25B /* Main.storyboard */,
				781B6D6D25EFEC0600C5D25B /* Assets.xcassets */,
				781B6D6F25EFEC0600C5D25B /* LaunchScreen.storyboard */,
				781B6D7225EFEC0600C5D25B /* Info.plist */,
			);
			path = "food-order-application";
			sourceTree = "<group>";
		};
		781B6D7A25EFEC0600C5D25B /* food-order-applicationTests */ = {
			isa = PBXGroup;
			children = (
				781B6D7B25EFEC0600C5D25B /* food_order_applicationTests.swift */,
				781B6D7D25EFEC0600C5D25B /* Info.plist */,
			);
			path = "food-order-applicationTests";
			sourceTree = "<group>";
		};
		781B6D8525EFEC0600C5D25B /* food-order-applicationUITests */ = {
			isa = PBXGroup;
			children = (
				781B6D8625EFEC0600C5D25B /* food_order_applicationUITests.swift */,
				781B6D8825EFEC0600C5D25B /* Info.plist */,
			);
			path = "food-order-applicationUITests";
			sourceTree = "<group>";
		};
		78F847DA25F15E260099669D /* Controller */ = {
			isa = PBXGroup;
			children = (
				781917E725F201190091D632 /* ReistrationController.swift */,
				781917EC25F2016D0091D632 /* LoginController.swift */,
				781917F125F201A80091D632 /* StorePageController.swift */,
				781917F625F241120091D632 /* FoodViewController.swift */,
				7819181F25F2801D0091D632 /* ForgetPassword.swift */,
				7801FDBC25F2A1E10046E2E4 /* OrderTableCustomCell.swift */,
				7801FDC125F2A2050046E2E4 /* ProfileViewController.swift */,
				7801FDC625F2A2220046E2E4 /* StoreTabBarController.swift */,
				786F15E526370F410048E3DB /* StoreSegmentController.swift */,
			);
			name = Controller;
			sourceTree = "<group>";
		};
		78F847DB25F15E350099669D /* Service */ = {
			isa = PBXGroup;
			children = (
				782C65C4263B485400E76839 /* FirebaseServices.swift */,
				782C65C9263B48A600E76839 /* FirebaseServiceOrder.swift */,
				782C661A263B590500E76839 /* NotificationService.swift */,
				782C661F263B592A00E76839 /* LocationService.swift */,
			);
			path = Service;
			sourceTree = "<group>";
		};
		78F847DC25F15E3F0099669D /* Model */ = {
			isa = PBXGroup;
			children = (
				78F847E625F15EC00099669D /* FoodItemModel.swift */,
				78F847F825F15FB90099669D /* CardModel.swift */,
				7801FDCB25F2A3BE0046E2E4 /* OrderModel.swift */,
				7801FDD025F2A3D00046E2E4 /* UserModel.swift */,
				782C657C263B365C00E76839 /* ItemModel.swift */,
				782C6624263B599D00E76839 /* LoacationModel.swift */,
			);
			name = Model;
			sourceTree = "<group>";
		};
		78F847DD25F15E4B0099669D /* Data */ = {
			isa = PBXGroup;
			children = (
				78F847DE25F15E760099669D /* FoodDataList.swift */,
				78F847EB25F15F800099669D /* CardDataList.swift */,
				7801FDD525F2A3E50046E2E4 /* OrderData.swift */,
				7801FDDB25F2A3FF0046E2E4 /* UserData.swift */,
			);
			path = Data;
			sourceTree = "<group>";
		};
/* End PBXGroup section */

/* Begin PBXNativeTarget section */
		781B6D6025EFEC0500C5D25B /* food-order-application */ = {
			isa = PBXNativeTarget;
			buildConfigurationList = 781B6D8B25EFEC0600C5D25B /* Build configuration list for PBXNativeTarget "food-order-application" */;
			buildPhases = (
				6C584961A285A08EDCA6AF0E /* [CP] Check Pods Manifest.lock */,
				781B6D5D25EFEC0500C5D25B /* Sources */,
				781B6D5E25EFEC0500C5D25B /* Frameworks */,
				781B6D5F25EFEC0500C5D25B /* Resources */,
				1697C53EA2B65260337255BE /* [CP] Embed Pods Frameworks */,
			);
			buildRules = (
			);
			dependencies = (
			);
			name = "food-order-application";
			productName = "food-order-application";
			productReference = 781B6D6125EFEC0500C5D25B /* food-order-application.app */;
			productType = "com.apple.product-type.application";
		};
		781B6D7625EFEC0600C5D25B /* food-order-applicationTests */ = {
			isa = PBXNativeTarget;
			buildConfigurationList = 781B6D8E25EFEC0600C5D25B /* Build configuration list for PBXNativeTarget "food-order-applicationTests" */;
			buildPhases = (
				34E838DE6B04AF57039D3F27 /* [CP] Check Pods Manifest.lock */,
				781B6D7325EFEC0600C5D25B /* Sources */,
				781B6D7425EFEC0600C5D25B /* Frameworks */,
				781B6D7525EFEC0600C5D25B /* Resources */,
			);
			buildRules = (
			);
			dependencies = (
				781B6D7925EFEC0600C5D25B /* PBXTargetDependency */,
			);
			name = "food-order-applicationTests";
			productName = "food-order-applicationTests";
			productReference = 781B6D7725EFEC0600C5D25B /* food-order-applicationTests.xctest */;
			productType = "com.apple.product-type.bundle.unit-test";
		};
		781B6D8125EFEC0600C5D25B /* food-order-applicationUITests */ = {
			isa = PBXNativeTarget;
			buildConfigurationList = 781B6D9125EFEC0600C5D25B /* Build configuration list for PBXNativeTarget "food-order-applicationUITests" */;
			buildPhases = (
				DC6228AABAF9C42008456FC0 /* [CP] Check Pods Manifest.lock */,
				781B6D7E25EFEC0600C5D25B /* Sources */,
				781B6D7F25EFEC0600C5D25B /* Frameworks */,
				781B6D8025EFEC0600C5D25B /* Resources */,
				BAD0A3043FBDA649A81F6534 /* [CP] Embed Pods Frameworks */,
			);
			buildRules = (
			);
			dependencies = (
				781B6D8425EFEC0600C5D25B /* PBXTargetDependency */,
			);
			name = "food-order-applicationUITests";
			productName = "food-order-applicationUITests";
			productReference = 781B6D8225EFEC0600C5D25B /* food-order-applicationUITests.xctest */;
			productType = "com.apple.product-type.bundle.ui-testing";
		};
/* End PBXNativeTarget section */

/* Begin PBXProject section */
		781B6D5925EFEC0500C5D25B /* Project object */ = {
			isa = PBXProject;
			attributes = {
				LastSwiftUpdateCheck = 1230;
				LastUpgradeCheck = 1230;
				TargetAttributes = {
					781B6D6025EFEC0500C5D25B = {
						CreatedOnToolsVersion = 12.3;
					};
					781B6D7625EFEC0600C5D25B = {
						CreatedOnToolsVersion = 12.3;
						TestTargetID = 781B6D6025EFEC0500C5D25B;
					};
					781B6D8125EFEC0600C5D25B = {
						CreatedOnToolsVersion = 12.3;
						TestTargetID = 781B6D6025EFEC0500C5D25B;
					};
				};
			};
			buildConfigurationList = 781B6D5C25EFEC0500C5D25B /* Build configuration list for PBXProject "food-order-application" */;
			compatibilityVersion = "Xcode 9.3";
			developmentRegion = en;
			hasScannedForEncodings = 0;
			knownRegions = (
				en,
				Base,
			);
			mainGroup = 781B6D5825EFEC0500C5D25B;
			productRefGroup = 781B6D6225EFEC0500C5D25B /* Products */;
			projectDirPath = "";
			projectRoot = "";
			targets = (
				781B6D6025EFEC0500C5D25B /* food-order-application */,
				781B6D7625EFEC0600C5D25B /* food-order-applicationTests */,
				781B6D8125EFEC0600C5D25B /* food-order-applicationUITests */,
			);
		};
/* End PBXProject section */

/* Begin PBXResourcesBuildPhase section */
		781B6D5F25EFEC0500C5D25B /* Resources */ = {
			isa = PBXResourcesBuildPhase;
			buildActionMask = 2147483647;
			files = (
				781B6D7125EFEC0600C5D25B /* LaunchScreen.storyboard in Resources */,
				786F15D12636F4280048E3DB /* GoogleService-Info.plist in Resources */,
				781B6D6E25EFEC0600C5D25B /* Assets.xcassets in Resources */,
				781B6D6C25EFEC0500C5D25B /* Main.storyboard in Resources */,
			);
			runOnlyForDeploymentPostprocessing = 0;
		};
		781B6D7525EFEC0600C5D25B /* Resources */ = {
			isa = PBXResourcesBuildPhase;
			buildActionMask = 2147483647;
			files = (
			);
			runOnlyForDeploymentPostprocessing = 0;
		};
		781B6D8025EFEC0600C5D25B /* Resources */ = {
			isa = PBXResourcesBuildPhase;
			buildActionMask = 2147483647;
			files = (
			);
			runOnlyForDeploymentPostprocessing = 0;
		};
/* End PBXResourcesBuildPhase section */

/* Begin PBXShellScriptBuildPhase section */
		1697C53EA2B65260337255BE /* [CP] Embed Pods Frameworks */ = {
			isa = PBXShellScriptBuildPhase;
			buildActionMask = 2147483647;
			files = (
			);
			inputFileListPaths = (
				"${PODS_ROOT}/Target Support Files/Pods-food-order-application/Pods-food-order-application-frameworks-${CONFIGURATION}-input-files.xcfilelist",
			);
			name = "[CP] Embed Pods Frameworks";
			outputFileListPaths = (
				"${PODS_ROOT}/Target Support Files/Pods-food-order-application/Pods-food-order-application-frameworks-${CONFIGURATION}-output-files.xcfilelist",
			);
			runOnlyForDeploymentPostprocessing = 0;
			shellPath = /bin/sh;
			shellScript = "\"${PODS_ROOT}/Target Support Files/Pods-food-order-application/Pods-food-order-application-frameworks.sh\"\n";
			showEnvVarsInLog = 0;
		};
		34E838DE6B04AF57039D3F27 /* [CP] Check Pods Manifest.lock */ = {
			isa = PBXShellScriptBuildPhase;
			buildActionMask = 2147483647;
			files = (
			);
			inputFileListPaths = (
			);
			inputPaths = (
				"${PODS_PODFILE_DIR_PATH}/Podfile.lock",
				"${PODS_ROOT}/Manifest.lock",
			);
			name = "[CP] Check Pods Manifest.lock";
			outputFileListPaths = (
			);
			outputPaths = (
				"$(DERIVED_FILE_DIR)/Pods-food-order-applicationTests-checkManifestLockResult.txt",
			);
			runOnlyForDeploymentPostprocessing = 0;
			shellPath = /bin/sh;
			shellScript = "diff \"${PODS_PODFILE_DIR_PATH}/Podfile.lock\" \"${PODS_ROOT}/Manifest.lock\" > /dev/null\nif [ $? != 0 ] ; then\n    # print error to STDERR\n    echo \"error: The sandbox is not in sync with the Podfile.lock. Run 'pod install' or update your CocoaPods installation.\" >&2\n    exit 1\nfi\n# This output is used by Xcode 'outputs' to avoid re-running this script phase.\necho \"SUCCESS\" > \"${SCRIPT_OUTPUT_FILE_0}\"\n";
			showEnvVarsInLog = 0;
		};
		6C584961A285A08EDCA6AF0E /* [CP] Check Pods Manifest.lock */ = {
			isa = PBXShellScriptBuildPhase;
			buildActionMask = 2147483647;
			files = (
			);
			inputFileListPaths = (
			);
			inputPaths = (
				"${PODS_PODFILE_DIR_PATH}/Podfile.lock",
				"${PODS_ROOT}/Manifest.lock",
			);
			name = "[CP] Check Pods Manifest.lock";
			outputFileListPaths = (
			);
			outputPaths = (
				"$(DERIVED_FILE_DIR)/Pods-food-order-application-checkManifestLockResult.txt",
			);
			runOnlyForDeploymentPostprocessing = 0;
			shellPath = /bin/sh;
			shellScript = "diff \"${PODS_PODFILE_DIR_PATH}/Podfile.lock\" \"${PODS_ROOT}/Manifest.lock\" > /dev/null\nif [ $? != 0 ] ; then\n    # print error to STDERR\n    echo \"error: The sandbox is not in sync with the Podfile.lock. Run 'pod install' or update your CocoaPods installation.\" >&2\n    exit 1\nfi\n# This output is used by Xcode 'outputs' to avoid re-running this script phase.\necho \"SUCCESS\" > \"${SCRIPT_OUTPUT_FILE_0}\"\n";
			showEnvVarsInLog = 0;
		};
		BAD0A3043FBDA649A81F6534 /* [CP] Embed Pods Frameworks */ = {
			isa = PBXShellScriptBuildPhase;
			buildActionMask = 2147483647;
			files = (
			);
			inputFileListPaths = (
				"${PODS_ROOT}/Target Support Files/Pods-food-order-application-food-order-applicationUITests/Pods-food-order-application-food-order-applicationUITests-frameworks-${CONFIGURATION}-input-files.xcfilelist",
			);
			name = "[CP] Embed Pods Frameworks";
			outputFileListPaths = (
				"${PODS_ROOT}/Target Support Files/Pods-food-order-application-food-order-applicationUITests/Pods-food-order-application-food-order-applicationUITests-frameworks-${CONFIGURATION}-output-files.xcfilelist",
			);
			runOnlyForDeploymentPostprocessing = 0;
			shellPath = /bin/sh;
			shellScript = "\"${PODS_ROOT}/Target Support Files/Pods-food-order-application-food-order-applicationUITests/Pods-food-order-application-food-order-applicationUITests-frameworks.sh\"\n";
			showEnvVarsInLog = 0;
		};
		DC6228AABAF9C42008456FC0 /* [CP] Check Pods Manifest.lock */ = {
			isa = PBXShellScriptBuildPhase;
			buildActionMask = 2147483647;
			files = (
			);
			inputFileListPaths = (
			);
			inputPaths = (
				"${PODS_PODFILE_DIR_PATH}/Podfile.lock",
				"${PODS_ROOT}/Manifest.lock",
			);
			name = "[CP] Check Pods Manifest.lock";
			outputFileListPaths = (
			);
			outputPaths = (
				"$(DERIVED_FILE_DIR)/Pods-food-order-application-food-order-applicationUITests-checkManifestLockResult.txt",
			);
			runOnlyForDeploymentPostprocessing = 0;
			shellPath = /bin/sh;
			shellScript = "diff \"${PODS_PODFILE_DIR_PATH}/Podfile.lock\" \"${PODS_ROOT}/Manifest.lock\" > /dev/null\nif [ $? != 0 ] ; then\n    # print error to STDERR\n    echo \"error: The sandbox is not in sync with the Podfile.lock. Run 'pod install' or update your CocoaPods installation.\" >&2\n    exit 1\nfi\n# This output is used by Xcode 'outputs' to avoid re-running this script phase.\necho \"SUCCESS\" > \"${SCRIPT_OUTPUT_FILE_0}\"\n";
			showEnvVarsInLog = 0;
		};
/* End PBXShellScriptBuildPhase section */

/* Begin PBXSourcesBuildPhase section */
		781B6D5D25EFEC0500C5D25B /* Sources */ = {
			isa = PBXSourcesBuildPhase;
			buildActionMask = 2147483647;
			files = (
				782C6625263B599D00E76839 /* LoacationModel.swift in Sources */,
				7801FDCC25F2A3BE0046E2E4 /* OrderModel.swift in Sources */,
				7801FDBD25F2A1E10046E2E4 /* OrderTableCustomCell.swift in Sources */,
				781B6D6925EFEC0500C5D25B /* ViewController.swift in Sources */,
				78F847E725F15EC00099669D /* FoodItemModel.swift in Sources */,
				782C661B263B590500E76839 /* NotificationService.swift in Sources */,
				782C657D263B365C00E76839 /* ItemModel.swift in Sources */,
				7801FDC725F2A2220046E2E4 /* StoreTabBarController.swift in Sources */,
				7801FDD625F2A3E50046E2E4 /* OrderData.swift in Sources */,
				781B6D6525EFEC0500C5D25B /* AppDelegate.swift in Sources */,
				786F15E626370F410048E3DB /* StoreSegmentController.swift in Sources */,
				78F847F925F15FB90099669D /* CardModel.swift in Sources */,
				781B6D6725EFEC0500C5D25B /* SceneDelegate.swift in Sources */,
				7819182025F2801D0091D632 /* ForgetPassword.swift in Sources */,
				782C65C5263B485400E76839 /* FirebaseServices.swift in Sources */,
				78F847DF25F15E760099669D /* FoodDataList.swift in Sources */,
				781917E825F201190091D632 /* ReistrationController.swift in Sources */,
				78F847EC25F15F800099669D /* CardDataList.swift in Sources */,
				782C6620263B592A00E76839 /* LocationService.swift in Sources */,
				781917F225F201A80091D632 /* StorePageController.swift in Sources */,
				7801FDC225F2A2050046E2E4 /* ProfileViewController.swift in Sources */,
				781917F725F241120091D632 /* FoodViewController.swift in Sources */,
				7801FDD125F2A3D00046E2E4 /* UserModel.swift in Sources */,
				7801FDDC25F2A3FF0046E2E4 /* UserData.swift in Sources */,
				782C65CA263B48A600E76839 /* FirebaseServiceOrder.swift in Sources */,
				781917ED25F2016D0091D632 /* LoginController.swift in Sources */,
			);
			runOnlyForDeploymentPostprocessing = 0;
		};
		781B6D7325EFEC0600C5D25B /* Sources */ = {
			isa = PBXSourcesBuildPhase;
			buildActionMask = 2147483647;
			files = (
				781B6D7C25EFEC0600C5D25B /* food_order_applicationTests.swift in Sources */,
			);
			runOnlyForDeploymentPostprocessing = 0;
		};
		781B6D7E25EFEC0600C5D25B /* Sources */ = {
			isa = PBXSourcesBuildPhase;
			buildActionMask = 2147483647;
			files = (
				781B6D8725EFEC0600C5D25B /* food_order_applicationUITests.swift in Sources */,
			);
			runOnlyForDeploymentPostprocessing = 0;
		};
/* End PBXSourcesBuildPhase section */

/* Begin PBXTargetDependency section */
		781B6D7925EFEC0600C5D25B /* PBXTargetDependency */ = {
			isa = PBXTargetDependency;
			target = 781B6D6025EFEC0500C5D25B /* food-order-application */;
			targetProxy = 781B6D7825EFEC0600C5D25B /* PBXContainerItemProxy */;
		};
		781B6D8425EFEC0600C5D25B /* PBXTargetDependency */ = {
			isa = PBXTargetDependency;
			target = 781B6D6025EFEC0500C5D25B /* food-order-application */;
			targetProxy = 781B6D8325EFEC0600C5D25B /* PBXContainerItemProxy */;
		};
/* End PBXTargetDependency section */

/* Begin PBXVariantGroup section */
		781B6D6A25EFEC0500C5D25B /* Main.storyboard */ = {
			isa = PBXVariantGroup;
			children = (
				781B6D6B25EFEC0500C5D25B /* Base */,
			);
			name = Main.storyboard;
			sourceTree = "<group>";
		};
		781B6D6F25EFEC0600C5D25B /* LaunchScreen.storyboard */ = {
			isa = PBXVariantGroup;
			children = (
				781B6D7025EFEC0600C5D25B /* Base */,
			);
			name = LaunchScreen.storyboard;
			sourceTree = "<group>";
		};
/* End PBXVariantGroup section */

/* Begin XCBuildConfiguration section */
		781B6D8925EFEC0600C5D25B /* Debug */ = {
			isa = XCBuildConfiguration;
			buildSettings = {
				ALWAYS_SEARCH_USER_PATHS = NO;
				CLANG_ANALYZER_NONNULL = YES;
				CLANG_ANALYZER_NUMBER_OBJECT_CONVERSION = YES_AGGRESSIVE;
				CLANG_CXX_LANGUAGE_STANDARD = "gnu++14";
				CLANG_CXX_LIBRARY = "libc++";
				CLANG_ENABLE_MODULES = YES;
				CLANG_ENABLE_OBJC_ARC = YES;
				CLANG_ENABLE_OBJC_WEAK = YES;
				CLANG_WARN_BLOCK_CAPTURE_AUTORELEASING = YES;
				CLANG_WARN_BOOL_CONVERSION = YES;
				CLANG_WARN_COMMA = YES;
				CLANG_WARN_CONSTANT_CONVERSION = YES;
				CLANG_WARN_DEPRECATED_OBJC_IMPLEMENTATIONS = YES;
				CLANG_WARN_DIRECT_OBJC_ISA_USAGE = YES_ERROR;
				CLANG_WARN_DOCUMENTATION_COMMENTS = YES;
				CLANG_WARN_EMPTY_BODY = YES;
				CLANG_WARN_ENUM_CONVERSION = YES;
				CLANG_WARN_INFINITE_RECURSION = YES;
				CLANG_WARN_INT_CONVERSION = YES;
				CLANG_WARN_NON_LITERAL_NULL_CONVERSION = YES;
				CLANG_WARN_OBJC_IMPLICIT_RETAIN_SELF = YES;
				CLANG_WARN_OBJC_LITERAL_CONVERSION = YES;
				CLANG_WARN_OBJC_ROOT_CLASS = YES_ERROR;
				CLANG_WARN_QUOTED_INCLUDE_IN_FRAMEWORK_HEADER = YES;
				CLANG_WARN_RANGE_LOOP_ANALYSIS = YES;
				CLANG_WARN_STRICT_PROTOTYPES = YES;
				CLANG_WARN_SUSPICIOUS_MOVE = YES;
				CLANG_WARN_UNGUARDED_AVAILABILITY = YES_AGGRESSIVE;
				CLANG_WARN_UNREACHABLE_CODE = YES;
				CLANG_WARN__DUPLICATE_METHOD_MATCH = YES;
				COPY_PHASE_STRIP = NO;
				DEBUG_INFORMATION_FORMAT = dwarf;
				ENABLE_STRICT_OBJC_MSGSEND = YES;
				ENABLE_TESTABILITY = YES;
				GCC_C_LANGUAGE_STANDARD = gnu11;
				GCC_DYNAMIC_NO_PIC = NO;
				GCC_NO_COMMON_BLOCKS = YES;
				GCC_OPTIMIZATION_LEVEL = 0;
				GCC_PREPROCESSOR_DEFINITIONS = (
					"DEBUG=1",
					"$(inherited)",
				);
				GCC_WARN_64_TO_32_BIT_CONVERSION = YES;
				GCC_WARN_ABOUT_RETURN_TYPE = YES_ERROR;
				GCC_WARN_UNDECLARED_SELECTOR = YES;
				GCC_WARN_UNINITIALIZED_AUTOS = YES_AGGRESSIVE;
				GCC_WARN_UNUSED_FUNCTION = YES;
				GCC_WARN_UNUSED_VARIABLE = YES;
				IPHONEOS_DEPLOYMENT_TARGET = 14.3;
				MTL_ENABLE_DEBUG_INFO = INCLUDE_SOURCE;
				MTL_FAST_MATH = YES;
				ONLY_ACTIVE_ARCH = YES;
				SDKROOT = iphoneos;
				SWIFT_ACTIVE_COMPILATION_CONDITIONS = DEBUG;
				SWIFT_OPTIMIZATION_LEVEL = "-Onone";
			};
			name = Debug;
		};
		781B6D8A25EFEC0600C5D25B /* Release */ = {
			isa = XCBuildConfiguration;
			buildSettings = {
				ALWAYS_SEARCH_USER_PATHS = NO;
				CLANG_ANALYZER_NONNULL = YES;
				CLANG_ANALYZER_NUMBER_OBJECT_CONVERSION = YES_AGGRESSIVE;
				CLANG_CXX_LANGUAGE_STANDARD = "gnu++14";
				CLANG_CXX_LIBRARY = "libc++";
				CLANG_ENABLE_MODULES = YES;
				CLANG_ENABLE_OBJC_ARC = YES;
				CLANG_ENABLE_OBJC_WEAK = YES;
				CLANG_WARN_BLOCK_CAPTURE_AUTORELEASING = YES;
				CLANG_WARN_BOOL_CONVERSION = YES;
				CLANG_WARN_COMMA = YES;
				CLANG_WARN_CONSTANT_CONVERSION = YES;
				CLANG_WARN_DEPRECATED_OBJC_IMPLEMENTATIONS = YES;
				CLANG_WARN_DIRECT_OBJC_ISA_USAGE = YES_ERROR;
				CLANG_WARN_DOCUMENTATION_COMMENTS = YES;
				CLANG_WARN_EMPTY_BODY = YES;
				CLANG_WARN_ENUM_CONVERSION = YES;
				CLANG_WARN_INFINITE_RECURSION = YES;
				CLANG_WARN_INT_CONVERSION = YES;
				CLANG_WARN_NON_LITERAL_NULL_CONVERSION = YES;
				CLANG_WARN_OBJC_IMPLICIT_RETAIN_SELF = YES;
				CLANG_WARN_OBJC_LITERAL_CONVERSION = YES;
				CLANG_WARN_OBJC_ROOT_CLASS = YES_ERROR;
				CLANG_WARN_QUOTED_INCLUDE_IN_FRAMEWORK_HEADER = YES;
				CLANG_WARN_RANGE_LOOP_ANALYSIS = YES;
				CLANG_WARN_STRICT_PROTOTYPES = YES;
				CLANG_WARN_SUSPICIOUS_MOVE = YES;
				CLANG_WARN_UNGUARDED_AVAILABILITY = YES_AGGRESSIVE;
				CLANG_WARN_UNREACHABLE_CODE = YES;
				CLANG_WARN__DUPLICATE_METHOD_MATCH = YES;
				COPY_PHASE_STRIP = NO;
				DEBUG_INFORMATION_FORMAT = "dwarf-with-dsym";
				ENABLE_NS_ASSERTIONS = NO;
				ENABLE_STRICT_OBJC_MSGSEND = YES;
				GCC_C_LANGUAGE_STANDARD = gnu11;
				GCC_NO_COMMON_BLOCKS = YES;
				GCC_WARN_64_TO_32_BIT_CONVERSION = YES;
				GCC_WARN_ABOUT_RETURN_TYPE = YES_ERROR;
				GCC_WARN_UNDECLARED_SELECTOR = YES;
				GCC_WARN_UNINITIALIZED_AUTOS = YES_AGGRESSIVE;
				GCC_WARN_UNUSED_FUNCTION = YES;
				GCC_WARN_UNUSED_VARIABLE = YES;
				IPHONEOS_DEPLOYMENT_TARGET = 14.3;
				MTL_ENABLE_DEBUG_INFO = NO;
				MTL_FAST_MATH = YES;
				SDKROOT = iphoneos;
				SWIFT_COMPILATION_MODE = wholemodule;
				SWIFT_OPTIMIZATION_LEVEL = "-O";
				VALIDATE_PRODUCT = YES;
			};
			name = Release;
		};
		781B6D8C25EFEC0600C5D25B /* Debug */ = {
			isa = XCBuildConfiguration;
			baseConfigurationReference = C8691005F2D727107BE66509 /* Pods-food-order-application.debug.xcconfig */;
			buildSettings = {
				ASSETCATALOG_COMPILER_APPICON_NAME = AppIcon;
				ASSETCATALOG_COMPILER_GLOBAL_ACCENT_COLOR_NAME = AccentColor;
				CODE_SIGN_STYLE = Automatic;
				DEVELOPMENT_TEAM = ZHA5FNVDNW;
				INFOPLIST_FILE = "food-order-application/Info.plist";
				LD_RUNPATH_SEARCH_PATHS = (
					"$(inherited)",
					"@executable_path/Frameworks",
				);
				PRODUCT_BUNDLE_IDENTIFIER = "calculator.food-order-application";
				PRODUCT_NAME = "$(TARGET_NAME)";
				SWIFT_VERSION = 5.0;
				TARGETED_DEVICE_FAMILY = "1,2";
			};
			name = Debug;
		};
		781B6D8D25EFEC0600C5D25B /* Release */ = {
			isa = XCBuildConfiguration;
			baseConfigurationReference = C6F7CB26D63495AC6F340738 /* Pods-food-order-application.release.xcconfig */;
			buildSettings = {
				ASSETCATALOG_COMPILER_APPICON_NAME = AppIcon;
				ASSETCATALOG_COMPILER_GLOBAL_ACCENT_COLOR_NAME = AccentColor;
				CODE_SIGN_STYLE = Automatic;
				DEVELOPMENT_TEAM = ZHA5FNVDNW;
				INFOPLIST_FILE = "food-order-application/Info.plist";
				LD_RUNPATH_SEARCH_PATHS = (
					"$(inherited)",
					"@executable_path/Frameworks",
				);
				PRODUCT_BUNDLE_IDENTIFIER = "calculator.food-order-application";
				PRODUCT_NAME = "$(TARGET_NAME)";
				SWIFT_VERSION = 5.0;
				TARGETED_DEVICE_FAMILY = "1,2";
			};
			name = Release;
		};
		781B6D8F25EFEC0600C5D25B /* Debug */ = {
			isa = XCBuildConfiguration;
			baseConfigurationReference = 6B726C53ED8BEFAA986D3354 /* Pods-food-order-applicationTests.debug.xcconfig */;
			buildSettings = {
				ALWAYS_EMBED_SWIFT_STANDARD_LIBRARIES = YES;
				BUNDLE_LOADER = "$(TEST_HOST)";
				CODE_SIGN_STYLE = Automatic;
				DEVELOPMENT_TEAM = ZHA5FNVDNW;
				INFOPLIST_FILE = "food-order-applicationTests/Info.plist";
				IPHONEOS_DEPLOYMENT_TARGET = 14.3;
				LD_RUNPATH_SEARCH_PATHS = (
					"$(inherited)",
					"@executable_path/Frameworks",
					"@loader_path/Frameworks",
				);
				PRODUCT_BUNDLE_IDENTIFIER = "calculator.food-order-applicationTests";
				PRODUCT_NAME = "$(TARGET_NAME)";
				SWIFT_VERSION = 5.0;
				TARGETED_DEVICE_FAMILY = "1,2";
				TEST_HOST = "$(BUILT_PRODUCTS_DIR)/food-order-application.app/food-order-application";
			};
			name = Debug;
		};
		781B6D9025EFEC0600C5D25B /* Release */ = {
			isa = XCBuildConfiguration;
			baseConfigurationReference = 0A0BE45A83997ED271BB66EF /* Pods-food-order-applicationTests.release.xcconfig */;
			buildSettings = {
				ALWAYS_EMBED_SWIFT_STANDARD_LIBRARIES = YES;
				BUNDLE_LOADER = "$(TEST_HOST)";
				CODE_SIGN_STYLE = Automatic;
				DEVELOPMENT_TEAM = ZHA5FNVDNW;
				INFOPLIST_FILE = "food-order-applicationTests/Info.plist";
				IPHONEOS_DEPLOYMENT_TARGET = 14.3;
				LD_RUNPATH_SEARCH_PATHS = (
					"$(inherited)",
					"@executable_path/Frameworks",
					"@loader_path/Frameworks",
				);
				PRODUCT_BUNDLE_IDENTIFIER = "calculator.food-order-applicationTests";
				PRODUCT_NAME = "$(TARGET_NAME)";
				SWIFT_VERSION = 5.0;
				TARGETED_DEVICE_FAMILY = "1,2";
				TEST_HOST = "$(BUILT_PRODUCTS_DIR)/food-order-application.app/food-order-application";
			};
			name = Release;
		};
		781B6D9225EFEC0600C5D25B /* Debug */ = {
			isa = XCBuildConfiguration;
			baseConfigurationReference = E5181E63DA0C2A86242AD1EA /* Pods-food-order-application-food-order-applicationUITests.debug.xcconfig */;
			buildSettings = {
				ALWAYS_EMBED_SWIFT_STANDARD_LIBRARIES = YES;
				CODE_SIGN_STYLE = Automatic;
				DEVELOPMENT_TEAM = ZHA5FNVDNW;
				INFOPLIST_FILE = "food-order-applicationUITests/Info.plist";
				LD_RUNPATH_SEARCH_PATHS = (
					"$(inherited)",
					"@executable_path/Frameworks",
					"@loader_path/Frameworks",
				);
				PRODUCT_BUNDLE_IDENTIFIER = "calculator.food-order-applicationUITests";
				PRODUCT_NAME = "$(TARGET_NAME)";
				SWIFT_VERSION = 5.0;
				TARGETED_DEVICE_FAMILY = "1,2";
				TEST_TARGET_NAME = "food-order-application";
			};
			name = Debug;
		};
		781B6D9325EFEC0600C5D25B /* Release */ = {
			isa = XCBuildConfiguration;
			baseConfigurationReference = 1DA9B61AA730CA92E5BF1C38 /* Pods-food-order-application-food-order-applicationUITests.release.xcconfig */;
			buildSettings = {
				ALWAYS_EMBED_SWIFT_STANDARD_LIBRARIES = YES;
				CODE_SIGN_STYLE = Automatic;
				DEVELOPMENT_TEAM = ZHA5FNVDNW;
				INFOPLIST_FILE = "food-order-applicationUITests/Info.plist";
				LD_RUNPATH_SEARCH_PATHS = (
					"$(inherited)",
					"@executable_path/Frameworks",
					"@loader_path/Frameworks",
				);
				PRODUCT_BUNDLE_IDENTIFIER = "calculator.food-order-applicationUITests";
				PRODUCT_NAME = "$(TARGET_NAME)";
				SWIFT_VERSION = 5.0;
				TARGETED_DEVICE_FAMILY = "1,2";
				TEST_TARGET_NAME = "food-order-application";
			};
			name = Release;
		};
/* End XCBuildConfiguration section */

/* Begin XCConfigurationList section */
		781B6D5C25EFEC0500C5D25B /* Build configuration list for PBXProject "food-order-application" */ = {
			isa = XCConfigurationList;
			buildConfigurations = (
				781B6D8925EFEC0600C5D25B /* Debug */,
				781B6D8A25EFEC0600C5D25B /* Release */,
			);
			defaultConfigurationIsVisible = 0;
			defaultConfigurationName = Release;
		};
		781B6D8B25EFEC0600C5D25B /* Build configuration list for PBXNativeTarget "food-order-application" */ = {
			isa = XCConfigurationList;
			buildConfigurations = (
				781B6D8C25EFEC0600C5D25B /* Debug */,
				781B6D8D25EFEC0600C5D25B /* Release */,
			);
			defaultConfigurationIsVisible = 0;
			defaultConfigurationName = Release;
		};
		781B6D8E25EFEC0600C5D25B /* Build configuration list for PBXNativeTarget "food-order-applicationTests" */ = {
			isa = XCConfigurationList;
			buildConfigurations = (
				781B6D8F25EFEC0600C5D25B /* Debug */,
				781B6D9025EFEC0600C5D25B /* Release */,
			);
			defaultConfigurationIsVisible = 0;
			defaultConfigurationName = Release;
		};
		781B6D9125EFEC0600C5D25B /* Build configuration list for PBXNativeTarget "food-order-applicationUITests" */ = {
			isa = XCConfigurationList;
			buildConfigurations = (
				781B6D9225EFEC0600C5D25B /* Debug */,
				781B6D9325EFEC0600C5D25B /* Release */,
			);
			defaultConfigurationIsVisible = 0;
			defaultConfigurationName = Release;
		};
/* End XCConfigurationList section */
	};
	rootObject = 781B6D5925EFEC0500C5D25B /* Project object */;
}
